
Microsoft Visual Studio Solution File, Format Version 12.00
# Visual Studio Version 17
VisualStudioVersion = 17.0.31919.166
MinimumVisualStudioVersion = 10.0.40219.1
Project("{FAE04EC0-301F-11D3-BF4B-00C04F79EFBC}") = "GoogleDriveTools.Transcoder", "GoogleDriveTools.Transcoder\GoogleDriveTools.Transcoder.csproj", "{385DB969-7E15-46BC-91BA-497E941664EE}"
EndProject
Project("{FAE04EC0-301F-11D3-BF4B-00C04F79EFBC}") = "GoogleDriveTools.Uploader", "GoogleDriveTools.Uploader\GoogleDriveTools.Uploader.csproj", "{F2BA208C-E0FE-4080-8C8D-A314806C6733}"
EndProject
Global
	GlobalSection(SolutionConfigurationPlatforms) = preSolution
		Debug|Any CPU = Debug|Any CPU
		Release|Any CPU = Release|Any CPU
	EndGlobalSection
	GlobalSection(ProjectConfigurationPlatforms) = postSolution
		{385DB969-7E15-46BC-91BA-497E941664EE}.Debug|Any CPU.ActiveCfg = Debug|Any CPU
		{385DB969-7E15-46BC-91BA-497E941664EE}.Debug|Any CPU.Build.0 = Debug|Any CPU
		{385DB969-7E15-46BC-91BA-497E941664EE}.Release|Any CPU.ActiveCfg = Release|Any CPU
		{385DB969-7E15-46BC-91BA-497E941664EE}.Release|Any CPU.Build.0 = Release|Any CPU
		{F2BA208C-E0FE-4080-8C8D-A314806C6733}.Debug|Any CPU.ActiveCfg = Debug|Any CPU
		{F2BA208C-E0FE-4080-8C8D-A314806C6733}.Debug|Any CPU.Build.0 = Debug|Any CPU
		{F2BA208C-E0FE-4080-8C8D-A314806C6733}.Release|Any CPU.ActiveCfg = Release|Any CPU
		{F2BA208C-E0FE-4080-8C8D-A314806C6733}.Release|Any CPU.Build.0 = Release|Any CPU
	EndGlobalSection
	GlobalSection(SolutionProperties) = preSolution
		HideSolutionNode = FALSE
	EndGlobalSection
	GlobalSection(ExtensibilityGlobals) = postSolution
		SolutionGuid = {2EF078DF-6004-489D-B02F-7B8E4CEB8B31}
	EndGlobalSection
EndGlobal
